
Microsoft Visual Studio Solution File, Format Version 12.00
# Visual Studio Version 17
VisualStudioVersion = 17.5.002.0
MinimumVisualStudioVersion = 10.0.40219.1
Project("{9A19103F-16F7-4668-BE54-9A1E7A4F7556}") = "FoxessWebbus.Web", "FoxessWebbus.Web.csproj", "{27FEA226-4A35-457B-BDB8-B27C205B9B16}"
EndProject
Global
	GlobalSection(SolutionConfigurationPlatforms) = preSolution
		Debug|Any CPU = Debug|Any CPU
		Release|Any CPU = Release|Any CPU
	EndGlobalSection
	GlobalSection(ProjectConfigurationPlatforms) = postSolution
		{27FEA226-4A35-457B-BDB8-B27C205B9B16}.Debug|Any CPU.ActiveCfg = Debug|Any CPU
		{27FEA226-4A35-457B-BDB8-B27C205B9B16}.Debug|Any CPU.Build.0 = Debug|Any CPU
		{27FEA226-4A35-457B-BDB8-B27C205B9B16}.Release|Any CPU.ActiveCfg = Release|Any CPU
		{27FEA226-4A35-457B-BDB8-B27C205B9B16}.Release|Any CPU.Build.0 = Release|Any CPU
	EndGlobalSection
	GlobalSection(SolutionProperties) = preSolution
		HideSolutionNode = FALSE
	EndGlobalSection
	GlobalSection(ExtensibilityGlobals) = postSolution
		SolutionGuid = {83623531-1E55-4F8C-892C-EDAD79F9D80E}
	EndGlobalSection
EndGlobal
